// !$*UTF8*$!
{
	archiveVersion = 1;
	classes = {
	};
	objectVersion = 50;
	objects = {

/* Begin PBXBuildFile section */
		689C66B76F46545D35F444AB /* Pods_MoveApp.framework in Frameworks */ = {isa = PBXBuildFile; fileRef = 76E34AB751396DDBFB46525E /* Pods_MoveApp.framework */; };
		6B0D473A21819F7B00D02D9F /* AppDelegate.swift in Sources */ = {isa = PBXBuildFile; fileRef = 6B0D473921819F7B00D02D9F /* AppDelegate.swift */; };
		6B0D473F21819F7B00D02D9F /* Main.storyboard in Resources */ = {isa = PBXBuildFile; fileRef = 6B0D473D21819F7B00D02D9F /* Main.storyboard */; };
		6B0D474121819F7B00D02D9F /* Assets.xcassets in Resources */ = {isa = PBXBuildFile; fileRef = 6B0D474021819F7B00D02D9F /* Assets.xcassets */; };
		6B0D474421819F7B00D02D9F /* LaunchScreen.storyboard in Resources */ = {isa = PBXBuildFile; fileRef = 6B0D474221819F7B00D02D9F /* LaunchScreen.storyboard */; };
		6B79551921833B41005AA67A /* GPSService.swift in Sources */ = {isa = PBXBuildFile; fileRef = 6B79551821833B41005AA67A /* GPSService.swift */; };
		6B93AE2E2181A327006DF2D6 /* UIView+extensions.swift in Sources */ = {isa = PBXBuildFile; fileRef = 6B93AE2D2181A327006DF2D6 /* UIView+extensions.swift */; };
		6B93AE302181A34E006DF2D6 /* UIViewController+extensions.swift in Sources */ = {isa = PBXBuildFile; fileRef = 6B93AE2F2181A34E006DF2D6 /* UIViewController+extensions.swift */; };
		6B93AE322181A369006DF2D6 /* UIApplication+extensions.swift in Sources */ = {isa = PBXBuildFile; fileRef = 6B93AE312181A369006DF2D6 /* UIApplication+extensions.swift */; };
		6B93AE342181A6DE006DF2D6 /* APIService.swift in Sources */ = {isa = PBXBuildFile; fileRef = 6B93AE332181A6DE006DF2D6 /* APIService.swift */; };
		6B93AE362181A72A006DF2D6 /* Constants.swift in Sources */ = {isa = PBXBuildFile; fileRef = 6B93AE352181A72A006DF2D6 /* Constants.swift */; };
		6B93AE382181B897006DF2D6 /* FirstTabViewController.swift in Sources */ = {isa = PBXBuildFile; fileRef = 6B93AE372181B897006DF2D6 /* FirstTabViewController.swift */; };
		6B93AE3A2181F2C7006DF2D6 /* Place.swift in Sources */ = {isa = PBXBuildFile; fileRef = 6B93AE392181F2C7006DF2D6 /* Place.swift */; };
		6B93AE3C218205D1006DF2D6 /* NearbyPlaces.swift in Sources */ = {isa = PBXBuildFile; fileRef = 6B93AE3B218205D1006DF2D6 /* NearbyPlaces.swift */; };
		6B93AE3E218205FA006DF2D6 /* Photo.swift in Sources */ = {isa = PBXBuildFile; fileRef = 6B93AE3D218205FA006DF2D6 /* Photo.swift */; };
		6B93AE4021820612006DF2D6 /* Location.swift in Sources */ = {isa = PBXBuildFile; fileRef = 6B93AE3F21820612006DF2D6 /* Location.swift */; };
		6B93AE422182286D006DF2D6 /* GooglePlaceViewModel.swift in Sources */ = {isa = PBXBuildFile; fileRef = 6B93AE412182286D006DF2D6 /* GooglePlaceViewModel.swift */; };
		6B93AE452182D54C006DF2D6 /* PlaceTableViewCell.swift in Sources */ = {isa = PBXBuildFile; fileRef = 6B93AE432182D54C006DF2D6 /* PlaceTableViewCell.swift */; };
		6B93AE462182D54C006DF2D6 /* PlaceTableViewCell.xib in Resources */ = {isa = PBXBuildFile; fileRef = 6B93AE442182D54C006DF2D6 /* PlaceTableViewCell.xib */; };
		6B93AE4821831913006DF2D6 /* NoDataView.swift in Sources */ = {isa = PBXBuildFile; fileRef = 6B93AE4721831913006DF2D6 /* NoDataView.swift */; };
/* End PBXBuildFile section */

/* Begin PBXFileReference section */
		5FF4839719FEF6BA8AA25D73 /* Pods-MoveApp.release.xcconfig */ = {isa = PBXFileReference; includeInIndex = 1; lastKnownFileType = text.xcconfig; name = "Pods-MoveApp.release.xcconfig"; path = "Pods/Target Support Files/Pods-MoveApp/Pods-MoveApp.release.xcconfig"; sourceTree = "<group>"; };
		6B0D473621819F7B00D02D9F /* MoveApp.app */ = {isa = PBXFileReference; explicitFileType = wrapper.application; includeInIndex = 0; path = MoveApp.app; sourceTree = BUILT_PRODUCTS_DIR; };
		6B0D473921819F7B00D02D9F /* AppDelegate.swift */ = {isa = PBXFileReference; lastKnownFileType = sourcecode.swift; path = AppDelegate.swift; sourceTree = "<group>"; };
		6B0D473E21819F7B00D02D9F /* Base */ = {isa = PBXFileReference; lastKnownFileType = file.storyboard; name = Base; path = Base.lproj/Main.storyboard; sourceTree = "<group>"; };
		6B0D474021819F7B00D02D9F /* Assets.xcassets */ = {isa = PBXFileReference; lastKnownFileType = folder.assetcatalog; path = Assets.xcassets; sourceTree = "<group>"; };
		6B0D474321819F7B00D02D9F /* Base */ = {isa = PBXFileReference; lastKnownFileType = file.storyboard; name = Base; path = Base.lproj/LaunchScreen.storyboard; sourceTree = "<group>"; };
		6B0D474521819F7B00D02D9F /* Info.plist */ = {isa = PBXFileReference; lastKnownFileType = text.plist.xml; path = Info.plist; sourceTree = "<group>"; };
		6B79551821833B41005AA67A /* GPSService.swift */ = {isa = PBXFileReference; lastKnownFileType = sourcecode.swift; path = GPSService.swift; sourceTree = "<group>"; };
		6B93AE2D2181A327006DF2D6 /* UIView+extensions.swift */ = {isa = PBXFileReference; fileEncoding = 4; lastKnownFileType = sourcecode.swift; path = "UIView+extensions.swift"; sourceTree = "<group>"; };
		6B93AE2F2181A34E006DF2D6 /* UIViewController+extensions.swift */ = {isa = PBXFileReference; fileEncoding = 4; lastKnownFileType = sourcecode.swift; path = "UIViewController+extensions.swift"; sourceTree = "<group>"; };
		6B93AE312181A369006DF2D6 /* UIApplication+extensions.swift */ = {isa = PBXFileReference; fileEncoding = 4; lastKnownFileType = sourcecode.swift; path = "UIApplication+extensions.swift"; sourceTree = "<group>"; };
		6B93AE332181A6DE006DF2D6 /* APIService.swift */ = {isa = PBXFileReference; fileEncoding = 4; lastKnownFileType = sourcecode.swift; path = APIService.swift; sourceTree = "<group>"; };
		6B93AE352181A72A006DF2D6 /* Constants.swift */ = {isa = PBXFileReference; lastKnownFileType = sourcecode.swift; path = Constants.swift; sourceTree = "<group>"; };
		6B93AE372181B897006DF2D6 /* FirstTabViewController.swift */ = {isa = PBXFileReference; lastKnownFileType = sourcecode.swift; path = FirstTabViewController.swift; sourceTree = "<group>"; };
		6B93AE392181F2C7006DF2D6 /* Place.swift */ = {isa = PBXFileReference; lastKnownFileType = sourcecode.swift; path = Place.swift; sourceTree = "<group>"; };
		6B93AE3B218205D1006DF2D6 /* NearbyPlaces.swift */ = {isa = PBXFileReference; lastKnownFileType = sourcecode.swift; path = NearbyPlaces.swift; sourceTree = "<group>"; };
		6B93AE3D218205FA006DF2D6 /* Photo.swift */ = {isa = PBXFileReference; lastKnownFileType = sourcecode.swift; path = Photo.swift; sourceTree = "<group>"; };
		6B93AE3F21820612006DF2D6 /* Location.swift */ = {isa = PBXFileReference; lastKnownFileType = sourcecode.swift; path = Location.swift; sourceTree = "<group>"; };
		6B93AE412182286D006DF2D6 /* GooglePlaceViewModel.swift */ = {isa = PBXFileReference; lastKnownFileType = sourcecode.swift; path = GooglePlaceViewModel.swift; sourceTree = "<group>"; };
		6B93AE432182D54C006DF2D6 /* PlaceTableViewCell.swift */ = {isa = PBXFileReference; lastKnownFileType = sourcecode.swift; path = PlaceTableViewCell.swift; sourceTree = "<group>"; };
		6B93AE442182D54C006DF2D6 /* PlaceTableViewCell.xib */ = {isa = PBXFileReference; lastKnownFileType = file.xib; path = PlaceTableViewCell.xib; sourceTree = "<group>"; };
		6B93AE4721831913006DF2D6 /* NoDataView.swift */ = {isa = PBXFileReference; lastKnownFileType = sourcecode.swift; path = NoDataView.swift; sourceTree = "<group>"; };
		76E34AB751396DDBFB46525E /* Pods_MoveApp.framework */ = {isa = PBXFileReference; explicitFileType = wrapper.framework; includeInIndex = 0; path = Pods_MoveApp.framework; sourceTree = BUILT_PRODUCTS_DIR; };
		E1D6E75BDD3BEE002BB30716 /* Pods-MoveApp.debug.xcconfig */ = {isa = PBXFileReference; includeInIndex = 1; lastKnownFileType = text.xcconfig; name = "Pods-MoveApp.debug.xcconfig"; path = "Pods/Target Support Files/Pods-MoveApp/Pods-MoveApp.debug.xcconfig"; sourceTree = "<group>"; };
/* End PBXFileReference section */

/* Begin PBXFrameworksBuildPhase section */
		6B0D473321819F7B00D02D9F /* Frameworks */ = {
			isa = PBXFrameworksBuildPhase;
			buildActionMask = 2147483647;
			files = (
				689C66B76F46545D35F444AB /* Pods_MoveApp.framework in Frameworks */,
			);
			runOnlyForDeploymentPostprocessing = 0;
		};
/* End PBXFrameworksBuildPhase section */

/* Begin PBXGroup section */
		433E5D7E0CAE15E5E019ABD1 /* Pods */ = {
			isa = PBXGroup;
			children = (
				E1D6E75BDD3BEE002BB30716 /* Pods-MoveApp.debug.xcconfig */,
				5FF4839719FEF6BA8AA25D73 /* Pods-MoveApp.release.xcconfig */,
			);
			name = Pods;
			sourceTree = "<group>";
		};
		6B0D472D21819F7B00D02D9F = {
			isa = PBXGroup;
			children = (
				6B0D473821819F7B00D02D9F /* MoveApp */,
				6B0D473721819F7B00D02D9F /* Products */,
				433E5D7E0CAE15E5E019ABD1 /* Pods */,
				800CED414F43B9F3FD5BF219 /* Frameworks */,
			);
			sourceTree = "<group>";
		};
		6B0D473721819F7B00D02D9F /* Products */ = {
			isa = PBXGroup;
			children = (
				6B0D473621819F7B00D02D9F /* MoveApp.app */,
			);
			name = Products;
			sourceTree = "<group>";
		};
		6B0D473821819F7B00D02D9F /* MoveApp */ = {
			isa = PBXGroup;
			children = (
				6B0D473921819F7B00D02D9F /* AppDelegate.swift */,
				6B0D473D21819F7B00D02D9F /* Main.storyboard */,
				6B93AE292181A1C2006DF2D6 /* Models */,
				6B93AE282181A1BB006DF2D6 /* ViewModels */,
				6B93AE272181A1B2006DF2D6 /* Views */,
				6B93AE262181A1A4006DF2D6 /* Controllers */,
				6B93AE252181A198006DF2D6 /* Other */,
				6B0D474021819F7B00D02D9F /* Assets.xcassets */,
				6B0D474221819F7B00D02D9F /* LaunchScreen.storyboard */,
				6B0D474521819F7B00D02D9F /* Info.plist */,
			);
			path = MoveApp;
			sourceTree = "<group>";
		};
		6B93AE252181A198006DF2D6 /* Other */ = {
			isa = PBXGroup;
			children = (
				6B93AE2C2181A2BF006DF2D6 /* Services */,
				6B93AE2B2181A233006DF2D6 /* Extensions */,
				6B93AE2A2181A228006DF2D6 /* Helpers */,
				6B93AE352181A72A006DF2D6 /* Constants.swift */,
			);
			path = Other;
			sourceTree = "<group>";
		};
		6B93AE262181A1A4006DF2D6 /* Controllers */ = {
			isa = PBXGroup;
			children = (
				6B93AE372181B897006DF2D6 /* FirstTabViewController.swift */,
			);
			path = Controllers;
			sourceTree = "<group>";
		};
		6B93AE272181A1B2006DF2D6 /* Views */ = {
			isa = PBXGroup;
			children = (
				6B93AE432182D54C006DF2D6 /* PlaceTableViewCell.swift */,
				6B93AE442182D54C006DF2D6 /* PlaceTableViewCell.xib */,
				6B93AE4721831913006DF2D6 /* NoDataView.swift */,
			);
			path = Views;
			sourceTree = "<group>";
		};
		6B93AE282181A1BB006DF2D6 /* ViewModels */ = {
			isa = PBXGroup;
			children = (
				6B93AE412182286D006DF2D6 /* GooglePlaceViewModel.swift */,
			);
			path = ViewModels;
			sourceTree = "<group>";
		};
		6B93AE292181A1C2006DF2D6 /* Models */ = {
			isa = PBXGroup;
			children = (
				6B93AE3B218205D1006DF2D6 /* NearbyPlaces.swift */,
				6B93AE392181F2C7006DF2D6 /* Place.swift */,
				6B93AE3D218205FA006DF2D6 /* Photo.swift */,
				6B93AE3F21820612006DF2D6 /* Location.swift */,
			);
			path = Models;
			sourceTree = "<group>";
		};
		6B93AE2A2181A228006DF2D6 /* Helpers */ = {
			isa = PBXGroup;
			children = (
			);
			path = Helpers;
			sourceTree = "<group>";
		};
		6B93AE2B2181A233006DF2D6 /* Extensions */ = {
			isa = PBXGroup;
			children = (
				6B93AE2D2181A327006DF2D6 /* UIView+extensions.swift */,
				6B93AE2F2181A34E006DF2D6 /* UIViewController+extensions.swift */,
				6B93AE312181A369006DF2D6 /* UIApplication+extensions.swift */,
			);
			path = Extensions;
			sourceTree = "<group>";
		};
		6B93AE2C2181A2BF006DF2D6 /* Services */ = {
			isa = PBXGroup;
			children = (
				6B93AE332181A6DE006DF2D6 /* APIService.swift */,
				6B79551821833B41005AA67A /* GPSService.swift */,
			);
			path = Services;
			sourceTree = "<group>";
		};
		800CED414F43B9F3FD5BF219 /* Frameworks */ = {
			isa = PBXGroup;
			children = (
				76E34AB751396DDBFB46525E /* Pods_MoveApp.framework */,
			);
			name = Frameworks;
			sourceTree = "<group>";
		};
/* End PBXGroup section */

/* Begin PBXNativeTarget section */
		6B0D473521819F7B00D02D9F /* MoveApp */ = {
			isa = PBXNativeTarget;
			buildConfigurationList = 6B0D474821819F7B00D02D9F /* Build configuration list for PBXNativeTarget "MoveApp" */;
			buildPhases = (
				39C041CA13986E94F00A92AF /* [CP] Check Pods Manifest.lock */,
				6B0D473221819F7B00D02D9F /* Sources */,
				6B0D473321819F7B00D02D9F /* Frameworks */,
				6B0D473421819F7B00D02D9F /* Resources */,
				AFE17D4BBBA7C3EB77E21F4A /* [CP] Embed Pods Frameworks */,
			);
			buildRules = (
			);
			dependencies = (
			);
			name = MoveApp;
			productName = MoveApp;
			productReference = 6B0D473621819F7B00D02D9F /* MoveApp.app */;
			productType = "com.apple.product-type.application";
		};
/* End PBXNativeTarget section */

/* Begin PBXProject section */
		6B0D472E21819F7B00D02D9F /* Project object */ = {
			isa = PBXProject;
			attributes = {
				LastSwiftUpdateCheck = 1000;
				LastUpgradeCheck = 1000;
				ORGANIZATIONNAME = "Krzysztof Lech";
				TargetAttributes = {
					6B0D473521819F7B00D02D9F = {
						CreatedOnToolsVersion = 10.0;
					};
				};
			};
			buildConfigurationList = 6B0D473121819F7B00D02D9F /* Build configuration list for PBXProject "MoveApp" */;
			compatibilityVersion = "Xcode 9.3";
			developmentRegion = en;
			hasScannedForEncodings = 0;
			knownRegions = (
				en,
				Base,
			);
			mainGroup = 6B0D472D21819F7B00D02D9F;
			productRefGroup = 6B0D473721819F7B00D02D9F /* Products */;
			projectDirPath = "";
			projectRoot = "";
			targets = (
				6B0D473521819F7B00D02D9F /* MoveApp */,
			);
		};
/* End PBXProject section */

/* Begin PBXResourcesBuildPhase section */
		6B0D473421819F7B00D02D9F /* Resources */ = {
			isa = PBXResourcesBuildPhase;
			buildActionMask = 2147483647;
			files = (
				6B0D474421819F7B00D02D9F /* LaunchScreen.storyboard in Resources */,
				6B0D474121819F7B00D02D9F /* Assets.xcassets in Resources */,
				6B0D473F21819F7B00D02D9F /* Main.storyboard in Resources */,
				6B93AE462182D54C006DF2D6 /* PlaceTableViewCell.xib in Resources */,
			);
			runOnlyForDeploymentPostprocessing = 0;
		};
/* End PBXResourcesBuildPhase section */

/* Begin PBXShellScriptBuildPhase section */
		39C041CA13986E94F00A92AF /* [CP] Check Pods Manifest.lock */ = {
			isa = PBXShellScriptBuildPhase;
			buildActionMask = 2147483647;
			files = (
			);
			inputPaths = (
				"${PODS_PODFILE_DIR_PATH}/Podfile.lock",
				"${PODS_ROOT}/Manifest.lock",
			);
			name = "[CP] Check Pods Manifest.lock";
			outputPaths = (
				"$(DERIVED_FILE_DIR)/Pods-MoveApp-checkManifestLockResult.txt",
			);
			runOnlyForDeploymentPostprocessing = 0;
			shellPath = /bin/sh;
			shellScript = "diff \"${PODS_PODFILE_DIR_PATH}/Podfile.lock\" \"${PODS_ROOT}/Manifest.lock\" > /dev/null\nif [ $? != 0 ] ; then\n    # print error to STDERR\n    echo \"error: The sandbox is not in sync with the Podfile.lock. Run 'pod install' or update your CocoaPods installation.\" >&2\n    exit 1\nfi\n# This output is used by Xcode 'outputs' to avoid re-running this script phase.\necho \"SUCCESS\" > \"${SCRIPT_OUTPUT_FILE_0}\"\n";
			showEnvVarsInLog = 0;
		};
		AFE17D4BBBA7C3EB77E21F4A /* [CP] Embed Pods Frameworks */ = {
			isa = PBXShellScriptBuildPhase;
			buildActionMask = 2147483647;
			files = (
			);
			inputPaths = (
				"${SRCROOT}/Pods/Target Support Files/Pods-MoveApp/Pods-MoveApp-frameworks.sh",
				"${BUILT_PRODUCTS_DIR}/Alamofire/Alamofire.framework",
				"${BUILT_PRODUCTS_DIR}/ReachabilitySwift/Reachability.framework",
			);
			name = "[CP] Embed Pods Frameworks";
			outputPaths = (
				"${TARGET_BUILD_DIR}/${FRAMEWORKS_FOLDER_PATH}/Alamofire.framework",
				"${TARGET_BUILD_DIR}/${FRAMEWORKS_FOLDER_PATH}/Reachability.framework",
			);
			runOnlyForDeploymentPostprocessing = 0;
			shellPath = /bin/sh;
			shellScript = "\"${SRCROOT}/Pods/Target Support Files/Pods-MoveApp/Pods-MoveApp-frameworks.sh\"\n";
			showEnvVarsInLog = 0;
		};
/* End PBXShellScriptBuildPhase section */

/* Begin PBXSourcesBuildPhase section */
		6B0D473221819F7B00D02D9F /* Sources */ = {
			isa = PBXSourcesBuildPhase;
			buildActionMask = 2147483647;
			files = (
				6B93AE2E2181A327006DF2D6 /* UIView+extensions.swift in Sources */,
				6B93AE4021820612006DF2D6 /* Location.swift in Sources */,
				6B93AE342181A6DE006DF2D6 /* APIService.swift in Sources */,
				6B93AE4821831913006DF2D6 /* NoDataView.swift in Sources */,
				6B93AE302181A34E006DF2D6 /* UIViewController+extensions.swift in Sources */,
				6B93AE452182D54C006DF2D6 /* PlaceTableViewCell.swift in Sources */,
				6B93AE3A2181F2C7006DF2D6 /* Place.swift in Sources */,
				6B93AE3E218205FA006DF2D6 /* Photo.swift in Sources */,
				6B93AE3C218205D1006DF2D6 /* NearbyPlaces.swift in Sources */,
				6B93AE422182286D006DF2D6 /* GooglePlaceViewModel.swift in Sources */,
				6B93AE322181A369006DF2D6 /* UIApplication+extensions.swift in Sources */,
				6B79551921833B41005AA67A /* GPSService.swift in Sources */,
				6B0D473A21819F7B00D02D9F /* AppDelegate.swift in Sources */,
				6B93AE382181B897006DF2D6 /* FirstTabViewController.swift in Sources */,
				6B93AE362181A72A006DF2D6 /* Constants.swift in Sources */,
			);
			runOnlyForDeploymentPostprocessing = 0;
		};
/* End PBXSourcesBuildPhase section */

/* Begin PBXVariantGroup section */
		6B0D473D21819F7B00D02D9F /* Main.storyboard */ = {
			isa = PBXVariantGroup;
			children = (
				6B0D473E21819F7B00D02D9F /* Base */,
			);
			name = Main.storyboard;
			sourceTree = "<group>";
		};
		6B0D474221819F7B00D02D9F /* LaunchScreen.storyboard */ = {
			isa = PBXVariantGroup;
			children = (
				6B0D474321819F7B00D02D9F /* Base */,
			);
			name = LaunchScreen.storyboard;
			sourceTree = "<group>";
		};
/* End PBXVariantGroup section */

/* Begin XCBuildConfiguration section */
		6B0D474621819F7B00D02D9F /* Debug */ = {
			isa = XCBuildConfiguration;
			buildSettings = {
				ALWAYS_SEARCH_USER_PATHS = NO;
				CLANG_ANALYZER_NONNULL = YES;
				CLANG_ANALYZER_NUMBER_OBJECT_CONVERSION = YES_AGGRESSIVE;
				CLANG_CXX_LANGUAGE_STANDARD = "gnu++14";
				CLANG_CXX_LIBRARY = "libc++";
				CLANG_ENABLE_MODULES = YES;
				CLANG_ENABLE_OBJC_ARC = YES;
				CLANG_ENABLE_OBJC_WEAK = YES;
				CLANG_WARN_BLOCK_CAPTURE_AUTORELEASING = YES;
				CLANG_WARN_BOOL_CONVERSION = YES;
				CLANG_WARN_COMMA = YES;
				CLANG_WARN_CONSTANT_CONVERSION = YES;
				CLANG_WARN_DEPRECATED_OBJC_IMPLEMENTATIONS = YES;
				CLANG_WARN_DIRECT_OBJC_ISA_USAGE = YES_ERROR;
				CLANG_WARN_DOCUMENTATION_COMMENTS = YES;
				CLANG_WARN_EMPTY_BODY = YES;
				CLANG_WARN_ENUM_CONVERSION = YES;
				CLANG_WARN_INFINITE_RECURSION = YES;
				CLANG_WARN_INT_CONVERSION = YES;
				CLANG_WARN_NON_LITERAL_NULL_CONVERSION = YES;
				CLANG_WARN_OBJC_IMPLICIT_RETAIN_SELF = YES;
				CLANG_WARN_OBJC_LITERAL_CONVERSION = YES;
				CLANG_WARN_OBJC_ROOT_CLASS = YES_ERROR;
				CLANG_WARN_RANGE_LOOP_ANALYSIS = YES;
				CLANG_WARN_STRICT_PROTOTYPES = YES;
				CLANG_WARN_SUSPICIOUS_MOVE = YES;
				CLANG_WARN_UNGUARDED_AVAILABILITY = YES_AGGRESSIVE;
				CLANG_WARN_UNREACHABLE_CODE = YES;
				CLANG_WARN__DUPLICATE_METHOD_MATCH = YES;
				CODE_SIGN_IDENTITY = "iPhone Developer";
				COPY_PHASE_STRIP = NO;
				DEBUG_INFORMATION_FORMAT = dwarf;
				ENABLE_STRICT_OBJC_MSGSEND = YES;
				ENABLE_TESTABILITY = YES;
				GCC_C_LANGUAGE_STANDARD = gnu11;
				GCC_DYNAMIC_NO_PIC = NO;
				GCC_NO_COMMON_BLOCKS = YES;
				GCC_OPTIMIZATION_LEVEL = 0;
				GCC_PREPROCESSOR_DEFINITIONS = (
					"DEBUG=1",
					"$(inherited)",
				);
				GCC_WARN_64_TO_32_BIT_CONVERSION = YES;
				GCC_WARN_ABOUT_RETURN_TYPE = YES_ERROR;
				GCC_WARN_UNDECLARED_SELECTOR = YES;
				GCC_WARN_UNINITIALIZED_AUTOS = YES_AGGRESSIVE;
				GCC_WARN_UNUSED_FUNCTION = YES;
				GCC_WARN_UNUSED_VARIABLE = YES;
				IPHONEOS_DEPLOYMENT_TARGET = 12.0;
				MTL_ENABLE_DEBUG_INFO = INCLUDE_SOURCE;
				MTL_FAST_MATH = YES;
				ONLY_ACTIVE_ARCH = YES;
				SDKROOT = iphoneos;
				SWIFT_ACTIVE_COMPILATION_CONDITIONS = DEBUG;
				SWIFT_OPTIMIZATION_LEVEL = "-Onone";
			};
			name = Debug;
		};
		6B0D474721819F7B00D02D9F /* Release */ = {
			isa = XCBuildConfiguration;
			buildSettings = {
				ALWAYS_SEARCH_USER_PATHS = NO;
				CLANG_ANALYZER_NONNULL = YES;
				CLANG_ANALYZER_NUMBER_OBJECT_CONVERSION = YES_AGGRESSIVE;
				CLANG_CXX_LANGUAGE_STANDARD = "gnu++14";
				CLANG_CXX_LIBRARY = "libc++";
				CLANG_ENABLE_MODULES = YES;
				CLANG_ENABLE_OBJC_ARC = YES;
				CLANG_ENABLE_OBJC_WEAK = YES;
				CLANG_WARN_BLOCK_CAPTURE_AUTORELEASING = YES;
				CLANG_WARN_BOOL_CONVERSION = YES;
				CLANG_WARN_COMMA = YES;
				CLANG_WARN_CONSTANT_CONVERSION = YES;
				CLANG_WARN_DEPRECATED_OBJC_IMPLEMENTATIONS = YES;
				CLANG_WARN_DIRECT_OBJC_ISA_USAGE = YES_ERROR;
				CLANG_WARN_DOCUMENTATION_COMMENTS = YES;
				CLANG_WARN_EMPTY_BODY = YES;
				CLANG_WARN_ENUM_CONVERSION = YES;
				CLANG_WARN_INFINITE_RECURSION = YES;
				CLANG_WARN_INT_CONVERSION = YES;
				CLANG_WARN_NON_LITERAL_NULL_CONVERSION = YES;
				CLANG_WARN_OBJC_IMPLICIT_RETAIN_SELF = YES;
				CLANG_WARN_OBJC_LITERAL_CONVERSION = YES;
				CLANG_WARN_OBJC_ROOT_CLASS = YES_ERROR;
				CLANG_WARN_RANGE_LOOP_ANALYSIS = YES;
				CLANG_WARN_STRICT_PROTOTYPES = YES;
				CLANG_WARN_SUSPICIOUS_MOVE = YES;
				CLANG_WARN_UNGUARDED_AVAILABILITY = YES_AGGRESSIVE;
				CLANG_WARN_UNREACHABLE_CODE = YES;
				CLANG_WARN__DUPLICATE_METHOD_MATCH = YES;
				CODE_SIGN_IDENTITY = "iPhone Developer";
				COPY_PHASE_STRIP = NO;
				DEBUG_INFORMATION_FORMAT = "dwarf-with-dsym";
				ENABLE_NS_ASSERTIONS = NO;
				ENABLE_STRICT_OBJC_MSGSEND = YES;
				GCC_C_LANGUAGE_STANDARD = gnu11;
				GCC_NO_COMMON_BLOCKS = YES;
				GCC_WARN_64_TO_32_BIT_CONVERSION = YES;
				GCC_WARN_ABOUT_RETURN_TYPE = YES_ERROR;
				GCC_WARN_UNDECLARED_SELECTOR = YES;
				GCC_WARN_UNINITIALIZED_AUTOS = YES_AGGRESSIVE;
				GCC_WARN_UNUSED_FUNCTION = YES;
				GCC_WARN_UNUSED_VARIABLE = YES;
				IPHONEOS_DEPLOYMENT_TARGET = 12.0;
				MTL_ENABLE_DEBUG_INFO = NO;
				MTL_FAST_MATH = YES;
				SDKROOT = iphoneos;
				SWIFT_COMPILATION_MODE = wholemodule;
				SWIFT_OPTIMIZATION_LEVEL = "-O";
				VALIDATE_PRODUCT = YES;
			};
			name = Release;
		};
		6B0D474921819F7B00D02D9F /* Debug */ = {
			isa = XCBuildConfiguration;
			baseConfigurationReference = E1D6E75BDD3BEE002BB30716 /* Pods-MoveApp.debug.xcconfig */;
			buildSettings = {
				ASSETCATALOG_COMPILER_APPICON_NAME = AppIcon;
				CODE_SIGN_STYLE = Automatic;
				DEVELOPMENT_TEAM = 2UGBQYC9Y9;
				INFOPLIST_FILE = MoveApp/Info.plist;
				IPHONEOS_DEPLOYMENT_TARGET = 11.4;
				LD_RUNPATH_SEARCH_PATHS = (
					"$(inherited)",
					"@executable_path/Frameworks",
				);
				PRODUCT_BUNDLE_IDENTIFIER = kl.24abc.pl.MoveApp;
				PRODUCT_NAME = "$(TARGET_NAME)";
				SWIFT_VERSION = 4.2;
				TARGETED_DEVICE_FAMILY = "1,2";
			};
			name = Debug;
		};
		6B0D474A21819F7B00D02D9F /* Release */ = {
			isa = XCBuildConfiguration;
			baseConfigurationReference = 5FF4839719FEF6BA8AA25D73 /* Pods-MoveApp.release.xcconfig */;
			buildSettings = {
				ASSETCATALOG_COMPILER_APPICON_NAME = AppIcon;
				CODE_SIGN_STYLE = Automatic;
				DEVELOPMENT_TEAM = 2UGBQYC9Y9;
				INFOPLIST_FILE = MoveApp/Info.plist;
				IPHONEOS_DEPLOYMENT_TARGET = 11.4;
				LD_RUNPATH_SEARCH_PATHS = (
					"$(inherited)",
					"@executable_path/Frameworks",
				);
				PRODUCT_BUNDLE_IDENTIFIER = kl.24abc.pl.MoveApp;
				PRODUCT_NAME = "$(TARGET_NAME)";
				SWIFT_VERSION = 4.2;
				TARGETED_DEVICE_FAMILY = "1,2";
			};
			name = Release;
		};
/* End XCBuildConfiguration section */

/* Begin XCConfigurationList section */
		6B0D473121819F7B00D02D9F /* Build configuration list for PBXProject "MoveApp" */ = {
			isa = XCConfigurationList;
			buildConfigurations = (
				6B0D474621819F7B00D02D9F /* Debug */,
				6B0D474721819F7B00D02D9F /* Release */,
			);
			defaultConfigurationIsVisible = 0;
			defaultConfigurationName = Release;
		};
		6B0D474821819F7B00D02D9F /* Build configuration list for PBXNativeTarget "MoveApp" */ = {
			isa = XCConfigurationList;
			buildConfigurations = (
				6B0D474921819F7B00D02D9F /* Debug */,
				6B0D474A21819F7B00D02D9F /* Release */,
			);
			defaultConfigurationIsVisible = 0;
			defaultConfigurationName = Release;
		};
/* End XCConfigurationList section */
	};
	rootObject = 6B0D472E21819F7B00D02D9F /* Project object */;
}
